
Microsoft Visual Studio Solution File, Format Version 12.00
# Visual Studio Version 17
VisualStudioVersion = 17.5.002.0
MinimumVisualStudioVersion = 10.0.40219.1
Project("{9A19103F-16F7-4668-BE54-9A1E7A4F7556}") = "Csharp1", "Csharp1.csproj", "{2D71144F-FD70-4F4E-AC63-A4479C4AF915}"
EndProject
Global
	GlobalSection(SolutionConfigurationPlatforms) = preSolution
		Debug|Any CPU = Debug|Any CPU
		Release|Any CPU = Release|Any CPU
	EndGlobalSection
	GlobalSection(ProjectConfigurationPlatforms) = postSolution
		{2D71144F-FD70-4F4E-AC63-A4479C4AF915}.Debug|Any CPU.ActiveCfg = Debug|Any CPU
		{2D71144F-FD70-4F4E-AC63-A4479C4AF915}.Debug|Any CPU.Build.0 = Debug|Any CPU
		{2D71144F-FD70-4F4E-AC63-A4479C4AF915}.Release|Any CPU.ActiveCfg = Release|Any CPU
		{2D71144F-FD70-4F4E-AC63-A4479C4AF915}.Release|Any CPU.Build.0 = Release|Any CPU
	EndGlobalSection
	GlobalSection(SolutionProperties) = preSolution
		HideSolutionNode = FALSE
	EndGlobalSection
	GlobalSection(ExtensibilityGlobals) = postSolution
		SolutionGuid = {878A3B9A-F334-4E26-823E-4DEE9F7C7105}
	EndGlobalSection
EndGlobal
